
Microsoft Visual Studio Solution File, Format Version 12.00
# Visual Studio 15
VisualStudioVersion = 15.0.26124.0
MinimumVisualStudioVersion = 15.0.26124.0
Project("{2150E333-8FDC-42A3-9474-1A3956D46DE8}") = "src", "src", "{20D9A00E-4F3D-41A6-AEBC-8C58DCBE7230}"
EndProject
Project("{FAE04EC0-301F-11D3-BF4B-00C04F79EFBC}") = "SpaceTrader.Net", "src\SpaceTrader.Net\SpaceTrader.Net.csproj", "{6EA00395-6E68-451A-AA6B-F85C4DF10E8F}"
EndProject
Project("{FAE04EC0-301F-11D3-BF4B-00C04F79EFBC}") = "SpaceTrader.Net.Console", "src\SpaceTrader.Net.Console\SpaceTrader.Net.Console.csproj", "{E6474ED5-83DB-46D0-938B-8BBBC1C1E326}"
EndProject
Global
	GlobalSection(SolutionConfigurationPlatforms) = preSolution
		Debug|Any CPU = Debug|Any CPU
		Debug|x64 = Debug|x64
		Debug|x86 = Debug|x86
		Release|Any CPU = Release|Any CPU
		Release|x64 = Release|x64
		Release|x86 = Release|x86
	EndGlobalSection
	GlobalSection(SolutionProperties) = preSolution
		HideSolutionNode = FALSE
	EndGlobalSection
	GlobalSection(ProjectConfigurationPlatforms) = postSolution
		{6EA00395-6E68-451A-AA6B-F85C4DF10E8F}.Debug|Any CPU.ActiveCfg = Debug|Any CPU
		{6EA00395-6E68-451A-AA6B-F85C4DF10E8F}.Debug|Any CPU.Build.0 = Debug|Any CPU
		{6EA00395-6E68-451A-AA6B-F85C4DF10E8F}.Debug|x64.ActiveCfg = Debug|Any CPU
		{6EA00395-6E68-451A-AA6B-F85C4DF10E8F}.Debug|x64.Build.0 = Debug|Any CPU
		{6EA00395-6E68-451A-AA6B-F85C4DF10E8F}.Debug|x86.ActiveCfg = Debug|Any CPU
		{6EA00395-6E68-451A-AA6B-F85C4DF10E8F}.Debug|x86.Build.0 = Debug|Any CPU
		{6EA00395-6E68-451A-AA6B-F85C4DF10E8F}.Release|Any CPU.ActiveCfg = Release|Any CPU
		{6EA00395-6E68-451A-AA6B-F85C4DF10E8F}.Release|Any CPU.Build.0 = Release|Any CPU
		{6EA00395-6E68-451A-AA6B-F85C4DF10E8F}.Release|x64.ActiveCfg = Release|Any CPU
		{6EA00395-6E68-451A-AA6B-F85C4DF10E8F}.Release|x64.Build.0 = Release|Any CPU
		{6EA00395-6E68-451A-AA6B-F85C4DF10E8F}.Release|x86.ActiveCfg = Release|Any CPU
		{6EA00395-6E68-451A-AA6B-F85C4DF10E8F}.Release|x86.Build.0 = Release|Any CPU
		{E6474ED5-83DB-46D0-938B-8BBBC1C1E326}.Debug|Any CPU.ActiveCfg = Debug|Any CPU
		{E6474ED5-83DB-46D0-938B-8BBBC1C1E326}.Debug|Any CPU.Build.0 = Debug|Any CPU
		{E6474ED5-83DB-46D0-938B-8BBBC1C1E326}.Debug|x64.ActiveCfg = Debug|Any CPU
		{E6474ED5-83DB-46D0-938B-8BBBC1C1E326}.Debug|x64.Build.0 = Debug|Any CPU
		{E6474ED5-83DB-46D0-938B-8BBBC1C1E326}.Debug|x86.ActiveCfg = Debug|Any CPU
		{E6474ED5-83DB-46D0-938B-8BBBC1C1E326}.Debug|x86.Build.0 = Debug|Any CPU
		{E6474ED5-83DB-46D0-938B-8BBBC1C1E326}.Release|Any CPU.ActiveCfg = Release|Any CPU
		{E6474ED5-83DB-46D0-938B-8BBBC1C1E326}.Release|Any CPU.Build.0 = Release|Any CPU
		{E6474ED5-83DB-46D0-938B-8BBBC1C1E326}.Release|x64.ActiveCfg = Release|Any CPU
		{E6474ED5-83DB-46D0-938B-8BBBC1C1E326}.Release|x64.Build.0 = Release|Any CPU
		{E6474ED5-83DB-46D0-938B-8BBBC1C1E326}.Release|x86.ActiveCfg = Release|Any CPU
		{E6474ED5-83DB-46D0-938B-8BBBC1C1E326}.Release|x86.Build.0 = Release|Any CPU
	EndGlobalSection
	GlobalSection(NestedProjects) = preSolution
		{6EA00395-6E68-451A-AA6B-F85C4DF10E8F} = {20D9A00E-4F3D-41A6-AEBC-8C58DCBE7230}
		{E6474ED5-83DB-46D0-938B-8BBBC1C1E326} = {20D9A00E-4F3D-41A6-AEBC-8C58DCBE7230}
	EndGlobalSection
EndGlobal
